
Microsoft Visual Studio Solution File, Format Version 12.00
# Visual Studio Version 16
VisualStudioVersion = 16.0.29418.71
MinimumVisualStudioVersion = 10.0.40219.1
Project("{FAE04EC0-301F-11D3-BF4B-00C04F79EFBC}") = "TestingSystem.Common.DAL", "TestingSystem.Common.DAL\TestingSystem.Common.DAL.csproj", "{F82BBDC7-B2D1-4B29-AD47-1D28C24B210F}"
EndProject
Project("{FAE04EC0-301F-11D3-BF4B-00C04F79EFBC}") = "Multilayer.DataServices", "..\Multilayer.DataServices\Multilayer.DataServices.csproj", "{CC802FAF-EAF5-4EE1-A85C-1567B2755662}"
EndProject
Project("{FAE04EC0-301F-11D3-BF4B-00C04F79EFBC}") = "TestingSystem.Common.BL", "TestingSystem.Common.BL\TestingSystem.Common.BL.csproj", "{5010A608-B20D-48EB-A41A-59D25E682DB5}"
EndProject
Global
	GlobalSection(SolutionConfigurationPlatforms) = preSolution
		Debug|Any CPU = Debug|Any CPU
		Release|Any CPU = Release|Any CPU
	EndGlobalSection
	GlobalSection(ProjectConfigurationPlatforms) = postSolution
		{F82BBDC7-B2D1-4B29-AD47-1D28C24B210F}.Debug|Any CPU.ActiveCfg = Debug|Any CPU
		{F82BBDC7-B2D1-4B29-AD47-1D28C24B210F}.Debug|Any CPU.Build.0 = Debug|Any CPU
		{F82BBDC7-B2D1-4B29-AD47-1D28C24B210F}.Release|Any CPU.ActiveCfg = Release|Any CPU
		{F82BBDC7-B2D1-4B29-AD47-1D28C24B210F}.Release|Any CPU.Build.0 = Release|Any CPU
		{CC802FAF-EAF5-4EE1-A85C-1567B2755662}.Debug|Any CPU.ActiveCfg = Debug|Any CPU
		{CC802FAF-EAF5-4EE1-A85C-1567B2755662}.Debug|Any CPU.Build.0 = Debug|Any CPU
		{CC802FAF-EAF5-4EE1-A85C-1567B2755662}.Release|Any CPU.ActiveCfg = Release|Any CPU
		{CC802FAF-EAF5-4EE1-A85C-1567B2755662}.Release|Any CPU.Build.0 = Release|Any CPU
		{5010A608-B20D-48EB-A41A-59D25E682DB5}.Debug|Any CPU.ActiveCfg = Debug|Any CPU
		{5010A608-B20D-48EB-A41A-59D25E682DB5}.Debug|Any CPU.Build.0 = Debug|Any CPU
		{5010A608-B20D-48EB-A41A-59D25E682DB5}.Release|Any CPU.ActiveCfg = Release|Any CPU
		{5010A608-B20D-48EB-A41A-59D25E682DB5}.Release|Any CPU.Build.0 = Release|Any CPU
	EndGlobalSection
	GlobalSection(SolutionProperties) = preSolution
		HideSolutionNode = FALSE
	EndGlobalSection
	GlobalSection(ExtensibilityGlobals) = postSolution
		SolutionGuid = {E82DC580-3A4B-4438-9EC6-ADF2ECCA1D0C}
	EndGlobalSection
EndGlobal
